
Microsoft Visual Studio Solution File, Format Version 12.00
# Visual Studio Version 16
VisualStudioVersion = 16.0.30114.105
MinimumVisualStudioVersion = 10.0.40219.1
Project("{FAE04EC0-301F-11D3-BF4B-00C04F79EFBC}") = "Laba 1_6", "Laba 1_6\Laba 1_6.csproj", "{7919819C-C0C3-4CC7-9072-EB01CD2F27CE}"
EndProject
Global
	GlobalSection(SolutionConfigurationPlatforms) = preSolution
		Debug|Any CPU = Debug|Any CPU
		Release|Any CPU = Release|Any CPU
	EndGlobalSection
	GlobalSection(ProjectConfigurationPlatforms) = postSolution
		{7919819C-C0C3-4CC7-9072-EB01CD2F27CE}.Debug|Any CPU.ActiveCfg = Debug|Any CPU
		{7919819C-C0C3-4CC7-9072-EB01CD2F27CE}.Debug|Any CPU.Build.0 = Debug|Any CPU
		{7919819C-C0C3-4CC7-9072-EB01CD2F27CE}.Release|Any CPU.ActiveCfg = Release|Any CPU
		{7919819C-C0C3-4CC7-9072-EB01CD2F27CE}.Release|Any CPU.Build.0 = Release|Any CPU
	EndGlobalSection
	GlobalSection(SolutionProperties) = preSolution
		HideSolutionNode = FALSE
	EndGlobalSection
	GlobalSection(ExtensibilityGlobals) = postSolution
		SolutionGuid = {01163309-0DA9-4C37-9CFE-40F51E655F93}
	EndGlobalSection
EndGlobal
