
Microsoft Visual Studio Solution File, Format Version 12.00
# Visual Studio Version 16
VisualStudioVersion = 16.0.30104.148
MinimumVisualStudioVersion = 10.0.40219.1
Project("{FAE04EC0-301F-11D3-BF4B-00C04F79EFBC}") = "Laba 1_5", "Laba 1_5\Laba 1_5.csproj", "{72D613B9-A012-4483-BCD7-5D39409546C1}"
EndProject
Global
	GlobalSection(SolutionConfigurationPlatforms) = preSolution
		Debug|Any CPU = Debug|Any CPU
		Release|Any CPU = Release|Any CPU
	EndGlobalSection
	GlobalSection(ProjectConfigurationPlatforms) = postSolution
		{72D613B9-A012-4483-BCD7-5D39409546C1}.Debug|Any CPU.ActiveCfg = Debug|Any CPU
		{72D613B9-A012-4483-BCD7-5D39409546C1}.Debug|Any CPU.Build.0 = Debug|Any CPU
		{72D613B9-A012-4483-BCD7-5D39409546C1}.Release|Any CPU.ActiveCfg = Release|Any CPU
		{72D613B9-A012-4483-BCD7-5D39409546C1}.Release|Any CPU.Build.0 = Release|Any CPU
	EndGlobalSection
	GlobalSection(SolutionProperties) = preSolution
		HideSolutionNode = FALSE
	EndGlobalSection
	GlobalSection(ExtensibilityGlobals) = postSolution
		SolutionGuid = {3963B26E-773E-4530-BFED-B12DB6F024EA}
	EndGlobalSection
EndGlobal
